// !$*UTF8*$!
{
	archiveVersion = 1;
	classes = {
	};
	objectVersion = 50;
	objects = {

/* Begin PBXBuildFile section */
		D5510FE6266B3B2300D3B5B4 /* FavoriteButton.swift in Sources */ = {isa = PBXBuildFile; fileRef = D5510FE5266B3B2300D3B5B4 /* FavoriteButton.swift */; };
		D5576A64266B2F8A007827B5 /* DescriptionView.swift in Sources */ = {isa = PBXBuildFile; fileRef = D5576A63266B2F8A007827B5 /* DescriptionView.swift */; };
		D5753234266B1F4900C1D764 /* LandmarksSwiftUIApp.swift in Sources */ = {isa = PBXBuildFile; fileRef = D5753233266B1F4900C1D764 /* LandmarksSwiftUIApp.swift */; };
		D5753236266B1F4900C1D764 /* LandmarkDetailView.swift in Sources */ = {isa = PBXBuildFile; fileRef = D5753235266B1F4900C1D764 /* LandmarkDetailView.swift */; };
		D5753238266B1F4A00C1D764 /* Assets.xcassets in Resources */ = {isa = PBXBuildFile; fileRef = D5753237266B1F4A00C1D764 /* Assets.xcassets */; };
		D575323B266B1F4A00C1D764 /* Preview Assets.xcassets in Resources */ = {isa = PBXBuildFile; fileRef = D575323A266B1F4A00C1D764 /* Preview Assets.xcassets */; };
		D5753244266B208800C1D764 /* CircleImage.swift in Sources */ = {isa = PBXBuildFile; fileRef = D5753243266B208800C1D764 /* CircleImage.swift */; };
		D5753246266B210E00C1D764 /* MapView.swift in Sources */ = {isa = PBXBuildFile; fileRef = D5753245266B210E00C1D764 /* MapView.swift */; };
		D5753249266B252300C1D764 /* landmarkData.json in Resources */ = {isa = PBXBuildFile; fileRef = D5753248266B252300C1D764 /* landmarkData.json */; };
		D575324C266B257C00C1D764 /* Landmark.swift in Sources */ = {isa = PBXBuildFile; fileRef = D575324B266B257C00C1D764 /* Landmark.swift */; };
		D5753250266B264C00C1D764 /* Coordinates.swift in Sources */ = {isa = PBXBuildFile; fileRef = D575324F266B264C00C1D764 /* Coordinates.swift */; };
		D5753252266B26EF00C1D764 /* ModelData.swift in Sources */ = {isa = PBXBuildFile; fileRef = D5753251266B26EF00C1D764 /* ModelData.swift */; };
		D5753255266B288500C1D764 /* LandmarkRow.swift in Sources */ = {isa = PBXBuildFile; fileRef = D5753254266B288500C1D764 /* LandmarkRow.swift */; };
		D5753257266B2A1500C1D764 /* LandmarkList.swift in Sources */ = {isa = PBXBuildFile; fileRef = D5753256266B2A1500C1D764 /* LandmarkList.swift */; };
		D5753259266B2B0F00C1D764 /* ContentView.swift in Sources */ = {isa = PBXBuildFile; fileRef = D5753258266B2B0F00C1D764 /* ContentView.swift */; };
		D5C113AC266C1E9F00BDAC5A /* HexagonParameters.swift in Sources */ = {isa = PBXBuildFile; fileRef = D5C113AB266C1E9F00BDAC5A /* HexagonParameters.swift */; };
		D5C113AE266C20E400BDAC5A /* BadgeBackground.swift in Sources */ = {isa = PBXBuildFile; fileRef = D5C113AD266C20E400BDAC5A /* BadgeBackground.swift */; };
		D5C113B0266C26E100BDAC5A /* BadgeSymbol.swift in Sources */ = {isa = PBXBuildFile; fileRef = D5C113AF266C26E100BDAC5A /* BadgeSymbol.swift */; };
		D5C113B2266C2CDD00BDAC5A /* RotatedBadgeSymbol.swift in Sources */ = {isa = PBXBuildFile; fileRef = D5C113B1266C2CDD00BDAC5A /* RotatedBadgeSymbol.swift */; };
		D5C113B5266C2DD200BDAC5A /* BadgeView.swift in Sources */ = {isa = PBXBuildFile; fileRef = D5C113B4266C2DD200BDAC5A /* BadgeView.swift */; };
		D5C113B7266C316900BDAC5A /* hikeData.json in Resources */ = {isa = PBXBuildFile; fileRef = D5C113B6266C316900BDAC5A /* hikeData.json */; };
		D5C113B9266C318700BDAC5A /* Hike.swift in Sources */ = {isa = PBXBuildFile; fileRef = D5C113B8266C318700BDAC5A /* Hike.swift */; };
		D5C113BF266C32B700BDAC5A /* GraphCapsule.swift in Sources */ = {isa = PBXBuildFile; fileRef = D5C113BB266C32B700BDAC5A /* GraphCapsule.swift */; };
		D5C113C0266C32B700BDAC5A /* HikeGraph.swift in Sources */ = {isa = PBXBuildFile; fileRef = D5C113BC266C32B700BDAC5A /* HikeGraph.swift */; };
		D5C113C1266C32B700BDAC5A /* HikeDetail.swift in Sources */ = {isa = PBXBuildFile; fileRef = D5C113BD266C32B700BDAC5A /* HikeDetail.swift */; };
		D5C113C2266C32B700BDAC5A /* HikeView.swift in Sources */ = {isa = PBXBuildFile; fileRef = D5C113BE266C32B700BDAC5A /* HikeView.swift */; };
		D5C113C5266C3C1900BDAC5A /* CategoryHome.swift in Sources */ = {isa = PBXBuildFile; fileRef = D5C113C4266C3C1900BDAC5A /* CategoryHome.swift */; };
		D5C113C7266C401700BDAC5A /* CategoryRow.swift in Sources */ = {isa = PBXBuildFile; fileRef = D5C113C6266C401700BDAC5A /* CategoryRow.swift */; };
		D5C113C9266C417C00BDAC5A /* CategoryItem.swift in Sources */ = {isa = PBXBuildFile; fileRef = D5C113C8266C417C00BDAC5A /* CategoryItem.swift */; };
		D5C113CB266C474200BDAC5A /* Profile.swift in Sources */ = {isa = PBXBuildFile; fileRef = D5C113CA266C474200BDAC5A /* Profile.swift */; };
		D5C113CE266C483300BDAC5A /* ProfileHost.swift in Sources */ = {isa = PBXBuildFile; fileRef = D5C113CD266C483300BDAC5A /* ProfileHost.swift */; };
		D5C113D0266C493F00BDAC5A /* ProfileSummary.swift in Sources */ = {isa = PBXBuildFile; fileRef = D5C113CF266C493F00BDAC5A /* ProfileSummary.swift */; };
		D5C113D2266C4AA600BDAC5A /* HikeBadge.swift in Sources */ = {isa = PBXBuildFile; fileRef = D5C113D1266C4AA600BDAC5A /* HikeBadge.swift */; };
		D5C113D4266D85C800BDAC5A /* ProfileEditor.swift in Sources */ = {isa = PBXBuildFile; fileRef = D5C113D3266D85C800BDAC5A /* ProfileEditor.swift */; };
		D5C113D7266D8E8A00BDAC5A /* PageViewController.swift in Sources */ = {isa = PBXBuildFile; fileRef = D5C113D6266D8E8A00BDAC5A /* PageViewController.swift */; };
		D5C113D9266D906700BDAC5A /* FeatureCard.swift in Sources */ = {isa = PBXBuildFile; fileRef = D5C113D8266D906700BDAC5A /* FeatureCard.swift */; };
		D5C113DB266D925B00BDAC5A /* PageView.swift in Sources */ = {isa = PBXBuildFile; fileRef = D5C113DA266D925B00BDAC5A /* PageView.swift */; };
		D5C113DD266D9BA900BDAC5A /* PageControl.swift in Sources */ = {isa = PBXBuildFile; fileRef = D5C113DC266D9BA900BDAC5A /* PageControl.swift */; };
/* End PBXBuildFile section */

/* Begin PBXFileReference section */
		D5510FE5266B3B2300D3B5B4 /* FavoriteButton.swift */ = {isa = PBXFileReference; lastKnownFileType = sourcecode.swift; path = FavoriteButton.swift; sourceTree = "<group>"; };
		D5576A63266B2F8A007827B5 /* DescriptionView.swift */ = {isa = PBXFileReference; lastKnownFileType = sourcecode.swift; path = DescriptionView.swift; sourceTree = "<group>"; };
		D5753230266B1F4900C1D764 /* LandmarksSwiftUI.app */ = {isa = PBXFileReference; explicitFileType = wrapper.application; includeInIndex = 0; path = LandmarksSwiftUI.app; sourceTree = BUILT_PRODUCTS_DIR; };
		D5753233266B1F4900C1D764 /* LandmarksSwiftUIApp.swift */ = {isa = PBXFileReference; lastKnownFileType = sourcecode.swift; path = LandmarksSwiftUIApp.swift; sourceTree = "<group>"; };
		D5753235266B1F4900C1D764 /* LandmarkDetailView.swift */ = {isa = PBXFileReference; lastKnownFileType = sourcecode.swift; path = LandmarkDetailView.swift; sourceTree = "<group>"; };
		D5753237266B1F4A00C1D764 /* Assets.xcassets */ = {isa = PBXFileReference; lastKnownFileType = folder.assetcatalog; path = Assets.xcassets; sourceTree = "<group>"; };
		D575323A266B1F4A00C1D764 /* Preview Assets.xcassets */ = {isa = PBXFileReference; lastKnownFileType = folder.assetcatalog; path = "Preview Assets.xcassets"; sourceTree = "<group>"; };
		D575323C266B1F4A00C1D764 /* Info.plist */ = {isa = PBXFileReference; lastKnownFileType = text.plist.xml; path = Info.plist; sourceTree = "<group>"; };
		D5753243266B208800C1D764 /* CircleImage.swift */ = {isa = PBXFileReference; lastKnownFileType = sourcecode.swift; path = CircleImage.swift; sourceTree = "<group>"; };
		D5753245266B210E00C1D764 /* MapView.swift */ = {isa = PBXFileReference; lastKnownFileType = sourcecode.swift; path = MapView.swift; sourceTree = "<group>"; };
		D5753248266B252300C1D764 /* landmarkData.json */ = {isa = PBXFileReference; fileEncoding = 4; lastKnownFileType = text.json; path = landmarkData.json; sourceTree = "<group>"; };
		D575324B266B257C00C1D764 /* Landmark.swift */ = {isa = PBXFileReference; lastKnownFileType = sourcecode.swift; path = Landmark.swift; sourceTree = "<group>"; };
		D575324F266B264C00C1D764 /* Coordinates.swift */ = {isa = PBXFileReference; lastKnownFileType = sourcecode.swift; path = Coordinates.swift; sourceTree = "<group>"; };
		D5753251266B26EF00C1D764 /* ModelData.swift */ = {isa = PBXFileReference; lastKnownFileType = sourcecode.swift; path = ModelData.swift; sourceTree = "<group>"; };
		D5753254266B288500C1D764 /* LandmarkRow.swift */ = {isa = PBXFileReference; lastKnownFileType = sourcecode.swift; path = LandmarkRow.swift; sourceTree = "<group>"; };
		D5753256266B2A1500C1D764 /* LandmarkList.swift */ = {isa = PBXFileReference; lastKnownFileType = sourcecode.swift; path = LandmarkList.swift; sourceTree = "<group>"; };
		D5753258266B2B0F00C1D764 /* ContentView.swift */ = {isa = PBXFileReference; lastKnownFileType = sourcecode.swift; path = ContentView.swift; sourceTree = "<group>"; };
		D5C113AB266C1E9F00BDAC5A /* HexagonParameters.swift */ = {isa = PBXFileReference; lastKnownFileType = sourcecode.swift; path = HexagonParameters.swift; sourceTree = "<group>"; };
		D5C113AD266C20E400BDAC5A /* BadgeBackground.swift */ = {isa = PBXFileReference; lastKnownFileType = sourcecode.swift; path = BadgeBackground.swift; sourceTree = "<group>"; };
		D5C113AF266C26E100BDAC5A /* BadgeSymbol.swift */ = {isa = PBXFileReference; lastKnownFileType = sourcecode.swift; path = BadgeSymbol.swift; sourceTree = "<group>"; };
		D5C113B1266C2CDD00BDAC5A /* RotatedBadgeSymbol.swift */ = {isa = PBXFileReference; lastKnownFileType = sourcecode.swift; path = RotatedBadgeSymbol.swift; sourceTree = "<group>"; };
		D5C113B4266C2DD200BDAC5A /* BadgeView.swift */ = {isa = PBXFileReference; lastKnownFileType = sourcecode.swift; path = BadgeView.swift; sourceTree = "<group>"; };
		D5C113B6266C316900BDAC5A /* hikeData.json */ = {isa = PBXFileReference; fileEncoding = 4; lastKnownFileType = text.json; path = hikeData.json; sourceTree = "<group>"; };
		D5C113B8266C318700BDAC5A /* Hike.swift */ = {isa = PBXFileReference; lastKnownFileType = sourcecode.swift; path = Hike.swift; sourceTree = "<group>"; };
		D5C113BB266C32B700BDAC5A /* GraphCapsule.swift */ = {isa = PBXFileReference; fileEncoding = 4; lastKnownFileType = sourcecode.swift; path = GraphCapsule.swift; sourceTree = "<group>"; };
		D5C113BC266C32B700BDAC5A /* HikeGraph.swift */ = {isa = PBXFileReference; fileEncoding = 4; lastKnownFileType = sourcecode.swift; path = HikeGraph.swift; sourceTree = "<group>"; };
		D5C113BD266C32B700BDAC5A /* HikeDetail.swift */ = {isa = PBXFileReference; fileEncoding = 4; lastKnownFileType = sourcecode.swift; path = HikeDetail.swift; sourceTree = "<group>"; };
		D5C113BE266C32B700BDAC5A /* HikeView.swift */ = {isa = PBXFileReference; fileEncoding = 4; lastKnownFileType = sourcecode.swift; path = HikeView.swift; sourceTree = "<group>"; };
		D5C113C4266C3C1900BDAC5A /* CategoryHome.swift */ = {isa = PBXFileReference; lastKnownFileType = sourcecode.swift; path = CategoryHome.swift; sourceTree = "<group>"; };
		D5C113C6266C401700BDAC5A /* CategoryRow.swift */ = {isa = PBXFileReference; lastKnownFileType = sourcecode.swift; path = CategoryRow.swift; sourceTree = "<group>"; };
		D5C113C8266C417C00BDAC5A /* CategoryItem.swift */ = {isa = PBXFileReference; lastKnownFileType = sourcecode.swift; path = CategoryItem.swift; sourceTree = "<group>"; };
		D5C113CA266C474200BDAC5A /* Profile.swift */ = {isa = PBXFileReference; lastKnownFileType = sourcecode.swift; path = Profile.swift; sourceTree = "<group>"; };
		D5C113CD266C483300BDAC5A /* ProfileHost.swift */ = {isa = PBXFileReference; lastKnownFileType = sourcecode.swift; path = ProfileHost.swift; sourceTree = "<group>"; };
		D5C113CF266C493F00BDAC5A /* ProfileSummary.swift */ = {isa = PBXFileReference; lastKnownFileType = sourcecode.swift; path = ProfileSummary.swift; sourceTree = "<group>"; };
		D5C113D1266C4AA600BDAC5A /* HikeBadge.swift */ = {isa = PBXFileReference; lastKnownFileType = sourcecode.swift; path = HikeBadge.swift; sourceTree = "<group>"; };
		D5C113D3266D85C800BDAC5A /* ProfileEditor.swift */ = {isa = PBXFileReference; lastKnownFileType = sourcecode.swift; path = ProfileEditor.swift; sourceTree = "<group>"; };
		D5C113D6266D8E8A00BDAC5A /* PageViewController.swift */ = {isa = PBXFileReference; lastKnownFileType = sourcecode.swift; path = PageViewController.swift; sourceTree = "<group>"; };
		D5C113D8266D906700BDAC5A /* FeatureCard.swift */ = {isa = PBXFileReference; lastKnownFileType = sourcecode.swift; path = FeatureCard.swift; sourceTree = "<group>"; };
		D5C113DA266D925B00BDAC5A /* PageView.swift */ = {isa = PBXFileReference; lastKnownFileType = sourcecode.swift; path = PageView.swift; sourceTree = "<group>"; };
		D5C113DC266D9BA900BDAC5A /* PageControl.swift */ = {isa = PBXFileReference; lastKnownFileType = sourcecode.swift; path = PageControl.swift; sourceTree = "<group>"; };
/* End PBXFileReference section */

/* Begin PBXFrameworksBuildPhase section */
		D575322D266B1F4900C1D764 /* Frameworks */ = {
			isa = PBXFrameworksBuildPhase;
			buildActionMask = 2147483647;
			files = (
			);
			runOnlyForDeploymentPostprocessing = 0;
		};
/* End PBXFrameworksBuildPhase section */

/* Begin PBXGroup section */
		D5510FE7266B3BFD00D3B5B4 /* Components */ = {
			isa = PBXGroup;
			children = (
				D5753243266B208800C1D764 /* CircleImage.swift */,
				D5510FE5266B3B2300D3B5B4 /* FavoriteButton.swift */,
				D5C113B3266C2CF400BDAC5A /* Badge */,
			);
			path = Components;
			sourceTree = "<group>";
		};
		D5510FE8266B3C5100D3B5B4 /* LandmarksDetail */ = {
			isa = PBXGroup;
			children = (
				D5753235266B1F4900C1D764 /* LandmarkDetailView.swift */,
				D5576A63266B2F8A007827B5 /* DescriptionView.swift */,
				D5753245266B210E00C1D764 /* MapView.swift */,
			);
			path = LandmarksDetail;
			sourceTree = "<group>";
		};
		D5510FE9266B3C6300D3B5B4 /* Landmarks */ = {
			isa = PBXGroup;
			children = (
				D5753256266B2A1500C1D764 /* LandmarkList.swift */,
				D5753254266B288500C1D764 /* LandmarkRow.swift */,
			);
			path = Landmarks;
			sourceTree = "<group>";
		};
		D5753227266B1F4900C1D764 = {
			isa = PBXGroup;
			children = (
				D5753232266B1F4900C1D764 /* LandmarksSwiftUI */,
				D5753231266B1F4900C1D764 /* Products */,
			);
			sourceTree = "<group>";
		};
		D5753231266B1F4900C1D764 /* Products */ = {
			isa = PBXGroup;
			children = (
				D5753230266B1F4900C1D764 /* LandmarksSwiftUI.app */,
			);
			name = Products;
			sourceTree = "<group>";
		};
		D5753232266B1F4900C1D764 /* LandmarksSwiftUI */ = {
			isa = PBXGroup;
			children = (
				D5753247266B211500C1D764 /* App */,
				D575324A266B256A00C1D764 /* Models */,
				D5753253266B282100C1D764 /* Resources */,
				D5753242266B207700C1D764 /* Views */,
				D5753239266B1F4A00C1D764 /* Preview Content */,
			);
			path = LandmarksSwiftUI;
			sourceTree = "<group>";
		};
		D5753239266B1F4A00C1D764 /* Preview Content */ = {
			isa = PBXGroup;
			children = (
				D575323A266B1F4A00C1D764 /* Preview Assets.xcassets */,
			);
			path = "Preview Content";
			sourceTree = "<group>";
		};
		D5753242266B207700C1D764 /* Views */ = {
			isa = PBXGroup;
			children = (
				D5753258266B2B0F00C1D764 /* ContentView.swift */,
				D5C113C3266C3BFA00BDAC5A /* Categories */,
				D5510FE7266B3BFD00D3B5B4 /* Components */,
				D5C113BA266C32B700BDAC5A /* Hikes */,
				D5510FE9266B3C6300D3B5B4 /* Landmarks */,
				D5510FE8266B3C5100D3B5B4 /* LandmarksDetail */,
				D5C113D5266D8DA600BDAC5A /* PageView */,
				D5C113CC266C481300BDAC5A /* Profiles */,
			);
			path = Views;
			sourceTree = "<group>";
		};
		D5753247266B211500C1D764 /* App */ = {
			isa = PBXGroup;
			children = (
				D5753233266B1F4900C1D764 /* LandmarksSwiftUIApp.swift */,
				D5753237266B1F4A00C1D764 /* Assets.xcassets */,
				D575323C266B1F4A00C1D764 /* Info.plist */,
			);
			path = App;
			sourceTree = "<group>";
		};
		D575324A266B256A00C1D764 /* Models */ = {
			isa = PBXGroup;
			children = (
				D575324B266B257C00C1D764 /* Landmark.swift */,
				D575324F266B264C00C1D764 /* Coordinates.swift */,
				D5753251266B26EF00C1D764 /* ModelData.swift */,
				D5C113B8266C318700BDAC5A /* Hike.swift */,
				D5C113CA266C474200BDAC5A /* Profile.swift */,
			);
			path = Models;
			sourceTree = "<group>";
		};
		D5753253266B282100C1D764 /* Resources */ = {
			isa = PBXGroup;
			children = (
				D5C113B6266C316900BDAC5A /* hikeData.json */,
				D5753248266B252300C1D764 /* landmarkData.json */,
			);
			path = Resources;
			sourceTree = "<group>";
		};
		D5C113B3266C2CF400BDAC5A /* Badge */ = {
			isa = PBXGroup;
			children = (
				D5C113B4266C2DD200BDAC5A /* BadgeView.swift */,
				D5C113AD266C20E400BDAC5A /* BadgeBackground.swift */,
				D5C113AF266C26E100BDAC5A /* BadgeSymbol.swift */,
				D5C113AB266C1E9F00BDAC5A /* HexagonParameters.swift */,
				D5C113B1266C2CDD00BDAC5A /* RotatedBadgeSymbol.swift */,
				D5C113D1266C4AA600BDAC5A /* HikeBadge.swift */,
			);
			path = Badge;
			sourceTree = "<group>";
		};
		D5C113BA266C32B700BDAC5A /* Hikes */ = {
			isa = PBXGroup;
			children = (
				D5C113BE266C32B700BDAC5A /* HikeView.swift */,
				D5C113BB266C32B700BDAC5A /* GraphCapsule.swift */,
				D5C113BC266C32B700BDAC5A /* HikeGraph.swift */,
				D5C113BD266C32B700BDAC5A /* HikeDetail.swift */,
			);
			path = Hikes;
			sourceTree = "<group>";
		};
		D5C113C3266C3BFA00BDAC5A /* Categories */ = {
			isa = PBXGroup;
			children = (
				D5C113C4266C3C1900BDAC5A /* CategoryHome.swift */,
				D5C113C6266C401700BDAC5A /* CategoryRow.swift */,
				D5C113C8266C417C00BDAC5A /* CategoryItem.swift */,
				D5C113D8266D906700BDAC5A /* FeatureCard.swift */,
			);
			path = Categories;
			sourceTree = "<group>";
		};
		D5C113CC266C481300BDAC5A /* Profiles */ = {
			isa = PBXGroup;
			children = (
				D5C113CD266C483300BDAC5A /* ProfileHost.swift */,
				D5C113CF266C493F00BDAC5A /* ProfileSummary.swift */,
				D5C113D3266D85C800BDAC5A /* ProfileEditor.swift */,
			);
			path = Profiles;
			sourceTree = "<group>";
		};
		D5C113D5266D8DA600BDAC5A /* PageView */ = {
			isa = PBXGroup;
			children = (
				D5C113DA266D925B00BDAC5A /* PageView.swift */,
				D5C113D6266D8E8A00BDAC5A /* PageViewController.swift */,
				D5C113DC266D9BA900BDAC5A /* PageControl.swift */,
			);
			path = PageView;
			sourceTree = "<group>";
		};
/* End PBXGroup section */

/* Begin PBXNativeTarget section */
		D575322F266B1F4900C1D764 /* LandmarksSwiftUI */ = {
			isa = PBXNativeTarget;
			buildConfigurationList = D575323F266B1F4A00C1D764 /* Build configuration list for PBXNativeTarget "LandmarksSwiftUI" */;
			buildPhases = (
				D575322C266B1F4900C1D764 /* Sources */,
				D575322D266B1F4900C1D764 /* Frameworks */,
				D575322E266B1F4900C1D764 /* Resources */,
			);
			buildRules = (
			);
			dependencies = (
			);
			name = LandmarksSwiftUI;
			productName = LandmarksSwiftUI;
			productReference = D5753230266B1F4900C1D764 /* LandmarksSwiftUI.app */;
			productType = "com.apple.product-type.application";
		};
/* End PBXNativeTarget section */

/* Begin PBXProject section */
		D5753228266B1F4900C1D764 /* Project object */ = {
			isa = PBXProject;
			attributes = {
				LastSwiftUpdateCheck = 1250;
				LastUpgradeCheck = 1250;
				TargetAttributes = {
					D575322F266B1F4900C1D764 = {
						CreatedOnToolsVersion = 12.5;
					};
				};
			};
			buildConfigurationList = D575322B266B1F4900C1D764 /* Build configuration list for PBXProject "LandmarksSwiftUI" */;
			compatibilityVersion = "Xcode 9.3";
			developmentRegion = en;
			hasScannedForEncodings = 0;
			knownRegions = (
				en,
				Base,
			);
			mainGroup = D5753227266B1F4900C1D764;
			productRefGroup = D5753231266B1F4900C1D764 /* Products */;
			projectDirPath = "";
			projectRoot = "";
			targets = (
				D575322F266B1F4900C1D764 /* LandmarksSwiftUI */,
			);
		};
/* End PBXProject section */

/* Begin PBXResourcesBuildPhase section */
		D575322E266B1F4900C1D764 /* Resources */ = {
			isa = PBXResourcesBuildPhase;
			buildActionMask = 2147483647;
			files = (
				D5C113B7266C316900BDAC5A /* hikeData.json in Resources */,
				D575323B266B1F4A00C1D764 /* Preview Assets.xcassets in Resources */,
				D5753238266B1F4A00C1D764 /* Assets.xcassets in Resources */,
				D5753249266B252300C1D764 /* landmarkData.json in Resources */,
			);
			runOnlyForDeploymentPostprocessing = 0;
		};
/* End PBXResourcesBuildPhase section */

/* Begin PBXSourcesBuildPhase section */
		D575322C266B1F4900C1D764 /* Sources */ = {
			isa = PBXSourcesBuildPhase;
			buildActionMask = 2147483647;
			files = (
				D5753236266B1F4900C1D764 /* LandmarkDetailView.swift in Sources */,
				D5753246266B210E00C1D764 /* MapView.swift in Sources */,
				D5C113D4266D85C800BDAC5A /* ProfileEditor.swift in Sources */,
				D5C113D0266C493F00BDAC5A /* ProfileSummary.swift in Sources */,
				D5753234266B1F4900C1D764 /* LandmarksSwiftUIApp.swift in Sources */,
				D5C113CB266C474200BDAC5A /* Profile.swift in Sources */,
				D5C113B5266C2DD200BDAC5A /* BadgeView.swift in Sources */,
				D5510FE6266B3B2300D3B5B4 /* FavoriteButton.swift in Sources */,
				D5C113CE266C483300BDAC5A /* ProfileHost.swift in Sources */,
				D5753250266B264C00C1D764 /* Coordinates.swift in Sources */,
				D5C113B9266C318700BDAC5A /* Hike.swift in Sources */,
				D5753257266B2A1500C1D764 /* LandmarkList.swift in Sources */,
				D5753244266B208800C1D764 /* CircleImage.swift in Sources */,
				D5753259266B2B0F00C1D764 /* ContentView.swift in Sources */,
				D5C113D7266D8E8A00BDAC5A /* PageViewController.swift in Sources */,
				D5C113C7266C401700BDAC5A /* CategoryRow.swift in Sources */,
				D5C113B0266C26E100BDAC5A /* BadgeSymbol.swift in Sources */,
				D5C113C1266C32B700BDAC5A /* HikeDetail.swift in Sources */,
				D5C113D9266D906700BDAC5A /* FeatureCard.swift in Sources */,
				D5C113DB266D925B00BDAC5A /* PageView.swift in Sources */,
				D5576A64266B2F8A007827B5 /* DescriptionView.swift in Sources */,
				D5C113C2266C32B700BDAC5A /* HikeView.swift in Sources */,
				D5C113AE266C20E400BDAC5A /* BadgeBackground.swift in Sources */,
				D5C113C0266C32B700BDAC5A /* HikeGraph.swift in Sources */,
				D5C113AC266C1E9F00BDAC5A /* HexagonParameters.swift in Sources */,
				D5C113D2266C4AA600BDAC5A /* HikeBadge.swift in Sources */,
				D5C113C9266C417C00BDAC5A /* CategoryItem.swift in Sources */,
				D575324C266B257C00C1D764 /* Landmark.swift in Sources */,
				D5753255266B288500C1D764 /* LandmarkRow.swift in Sources */,
				D5753252266B26EF00C1D764 /* ModelData.swift in Sources */,
				D5C113BF266C32B700BDAC5A /* GraphCapsule.swift in Sources */,
				D5C113C5266C3C1900BDAC5A /* CategoryHome.swift in Sources */,
				D5C113DD266D9BA900BDAC5A /* PageControl.swift in Sources */,
				D5C113B2266C2CDD00BDAC5A /* RotatedBadgeSymbol.swift in Sources */,
			);
			runOnlyForDeploymentPostprocessing = 0;
		};
/* End PBXSourcesBuildPhase section */

/* Begin XCBuildConfiguration section */
		D575323D266B1F4A00C1D764 /* Debug */ = {
			isa = XCBuildConfiguration;
			buildSettings = {
				ALWAYS_SEARCH_USER_PATHS = NO;
				CLANG_ANALYZER_NONNULL = YES;
				CLANG_ANALYZER_NUMBER_OBJECT_CONVERSION = YES_AGGRESSIVE;
				CLANG_CXX_LANGUAGE_STANDARD = "gnu++14";
				CLANG_CXX_LIBRARY = "libc++";
				CLANG_ENABLE_MODULES = YES;
				CLANG_ENABLE_OBJC_ARC = YES;
				CLANG_ENABLE_OBJC_WEAK = YES;
				CLANG_WARN_BLOCK_CAPTURE_AUTORELEASING = YES;
				CLANG_WARN_BOOL_CONVERSION = YES;
				CLANG_WARN_COMMA = YES;
				CLANG_WARN_CONSTANT_CONVERSION = YES;
				CLANG_WARN_DEPRECATED_OBJC_IMPLEMENTATIONS = YES;
				CLANG_WARN_DIRECT_OBJC_ISA_USAGE = YES_ERROR;
				CLANG_WARN_DOCUMENTATION_COMMENTS = YES;
				CLANG_WARN_EMPTY_BODY = YES;
				CLANG_WARN_ENUM_CONVERSION = YES;
				CLANG_WARN_INFINITE_RECURSION = YES;
				CLANG_WARN_INT_CONVERSION = YES;
				CLANG_WARN_NON_LITERAL_NULL_CONVERSION = YES;
				CLANG_WARN_OBJC_IMPLICIT_RETAIN_SELF = YES;
				CLANG_WARN_OBJC_LITERAL_CONVERSION = YES;
				CLANG_WARN_OBJC_ROOT_CLASS = YES_ERROR;
				CLANG_WARN_QUOTED_INCLUDE_IN_FRAMEWORK_HEADER = YES;
				CLANG_WARN_RANGE_LOOP_ANALYSIS = YES;
				CLANG_WARN_STRICT_PROTOTYPES = YES;
				CLANG_WARN_SUSPICIOUS_MOVE = YES;
				CLANG_WARN_UNGUARDED_AVAILABILITY = YES_AGGRESSIVE;
				CLANG_WARN_UNREACHABLE_CODE = YES;
				CLANG_WARN__DUPLICATE_METHOD_MATCH = YES;
				COPY_PHASE_STRIP = NO;
				DEBUG_INFORMATION_FORMAT = dwarf;
				ENABLE_STRICT_OBJC_MSGSEND = YES;
				ENABLE_TESTABILITY = YES;
				GCC_C_LANGUAGE_STANDARD = gnu11;
				GCC_DYNAMIC_NO_PIC = NO;
				GCC_NO_COMMON_BLOCKS = YES;
				GCC_OPTIMIZATION_LEVEL = 0;
				GCC_PREPROCESSOR_DEFINITIONS = (
					"DEBUG=1",
					"$(inherited)",
				);
				GCC_WARN_64_TO_32_BIT_CONVERSION = YES;
				GCC_WARN_ABOUT_RETURN_TYPE = YES_ERROR;
				GCC_WARN_UNDECLARED_SELECTOR = YES;
				GCC_WARN_UNINITIALIZED_AUTOS = YES_AGGRESSIVE;
				GCC_WARN_UNUSED_FUNCTION = YES;
				GCC_WARN_UNUSED_VARIABLE = YES;
				IPHONEOS_DEPLOYMENT_TARGET = 14.5;
				MTL_ENABLE_DEBUG_INFO = INCLUDE_SOURCE;
				MTL_FAST_MATH = YES;
				ONLY_ACTIVE_ARCH = YES;
				SDKROOT = iphoneos;
				SWIFT_ACTIVE_COMPILATION_CONDITIONS = DEBUG;
				SWIFT_OPTIMIZATION_LEVEL = "-Onone";
			};
			name = Debug;
		};
		D575323E266B1F4A00C1D764 /* Release */ = {
			isa = XCBuildConfiguration;
			buildSettings = {
				ALWAYS_SEARCH_USER_PATHS = NO;
				CLANG_ANALYZER_NONNULL = YES;
				CLANG_ANALYZER_NUMBER_OBJECT_CONVERSION = YES_AGGRESSIVE;
				CLANG_CXX_LANGUAGE_STANDARD = "gnu++14";
				CLANG_CXX_LIBRARY = "libc++";
				CLANG_ENABLE_MODULES = YES;
				CLANG_ENABLE_OBJC_ARC = YES;
				CLANG_ENABLE_OBJC_WEAK = YES;
				CLANG_WARN_BLOCK_CAPTURE_AUTORELEASING = YES;
				CLANG_WARN_BOOL_CONVERSION = YES;
				CLANG_WARN_COMMA = YES;
				CLANG_WARN_CONSTANT_CONVERSION = YES;
				CLANG_WARN_DEPRECATED_OBJC_IMPLEMENTATIONS = YES;
				CLANG_WARN_DIRECT_OBJC_ISA_USAGE = YES_ERROR;
				CLANG_WARN_DOCUMENTATION_COMMENTS = YES;
				CLANG_WARN_EMPTY_BODY = YES;
				CLANG_WARN_ENUM_CONVERSION = YES;
				CLANG_WARN_INFINITE_RECURSION = YES;
				CLANG_WARN_INT_CONVERSION = YES;
				CLANG_WARN_NON_LITERAL_NULL_CONVERSION = YES;
				CLANG_WARN_OBJC_IMPLICIT_RETAIN_SELF = YES;
				CLANG_WARN_OBJC_LITERAL_CONVERSION = YES;
				CLANG_WARN_OBJC_ROOT_CLASS = YES_ERROR;
				CLANG_WARN_QUOTED_INCLUDE_IN_FRAMEWORK_HEADER = YES;
				CLANG_WARN_RANGE_LOOP_ANALYSIS = YES;
				CLANG_WARN_STRICT_PROTOTYPES = YES;
				CLANG_WARN_SUSPICIOUS_MOVE = YES;
				CLANG_WARN_UNGUARDED_AVAILABILITY = YES_AGGRESSIVE;
				CLANG_WARN_UNREACHABLE_CODE = YES;
				CLANG_WARN__DUPLICATE_METHOD_MATCH = YES;
				COPY_PHASE_STRIP = NO;
				DEBUG_INFORMATION_FORMAT = "dwarf-with-dsym";
				ENABLE_NS_ASSERTIONS = NO;
				ENABLE_STRICT_OBJC_MSGSEND = YES;
				GCC_C_LANGUAGE_STANDARD = gnu11;
				GCC_NO_COMMON_BLOCKS = YES;
				GCC_WARN_64_TO_32_BIT_CONVERSION = YES;
				GCC_WARN_ABOUT_RETURN_TYPE = YES_ERROR;
				GCC_WARN_UNDECLARED_SELECTOR = YES;
				GCC_WARN_UNINITIALIZED_AUTOS = YES_AGGRESSIVE;
				GCC_WARN_UNUSED_FUNCTION = YES;
				GCC_WARN_UNUSED_VARIABLE = YES;
				IPHONEOS_DEPLOYMENT_TARGET = 14.5;
				MTL_ENABLE_DEBUG_INFO = NO;
				MTL_FAST_MATH = YES;
				SDKROOT = iphoneos;
				SWIFT_COMPILATION_MODE = wholemodule;
				SWIFT_OPTIMIZATION_LEVEL = "-O";
				VALIDATE_PRODUCT = YES;
			};
			name = Release;
		};
		D5753240266B1F4A00C1D764 /* Debug */ = {
			isa = XCBuildConfiguration;
			buildSettings = {
				ASSETCATALOG_COMPILER_APPICON_NAME = AppIcon;
				ASSETCATALOG_COMPILER_GLOBAL_ACCENT_COLOR_NAME = AccentColor;
				CODE_SIGN_STYLE = Automatic;
				DEVELOPMENT_ASSET_PATHS = "\"LandmarksSwiftUI/Preview Content\"";
				DEVELOPMENT_TEAM = 5B74F682NG;
				ENABLE_PREVIEWS = YES;
				INFOPLIST_FILE = LandmarksSwiftUI/App/Info.plist;
				IPHONEOS_DEPLOYMENT_TARGET = 14.0;
				LD_RUNPATH_SEARCH_PATHS = (
					"$(inherited)",
					"@executable_path/Frameworks",
				);
				PRODUCT_BUNDLE_IDENTIFIER = io.syntaks.LandmarksSwiftUI;
				PRODUCT_NAME = "$(TARGET_NAME)";
				SWIFT_VERSION = 5.0;
				TARGETED_DEVICE_FAMILY = "1,2";
			};
			name = Debug;
		};
		D5753241266B1F4A00C1D764 /* Release */ = {
			isa = XCBuildConfiguration;
			buildSettings = {
				ASSETCATALOG_COMPILER_APPICON_NAME = AppIcon;
				ASSETCATALOG_COMPILER_GLOBAL_ACCENT_COLOR_NAME = AccentColor;
				CODE_SIGN_STYLE = Automatic;
				DEVELOPMENT_ASSET_PATHS = "\"LandmarksSwiftUI/Preview Content\"";
				DEVELOPMENT_TEAM = 5B74F682NG;
				ENABLE_PREVIEWS = YES;
				INFOPLIST_FILE = LandmarksSwiftUI/App/Info.plist;
				IPHONEOS_DEPLOYMENT_TARGET = 14.0;
				LD_RUNPATH_SEARCH_PATHS = (
					"$(inherited)",
					"@executable_path/Frameworks",
				);
				PRODUCT_BUNDLE_IDENTIFIER = io.syntaks.LandmarksSwiftUI;
				PRODUCT_NAME = "$(TARGET_NAME)";
				SWIFT_VERSION = 5.0;
				TARGETED_DEVICE_FAMILY = "1,2";
			};
			name = Release;
		};
/* End XCBuildConfiguration section */

/* Begin XCConfigurationList section */
		D575322B266B1F4900C1D764 /* Build configuration list for PBXProject "LandmarksSwiftUI" */ = {
			isa = XCConfigurationList;
			buildConfigurations = (
				D575323D266B1F4A00C1D764 /* Debug */,
				D575323E266B1F4A00C1D764 /* Release */,
			);
			defaultConfigurationIsVisible = 0;
			defaultConfigurationName = Release;
		};
		D575323F266B1F4A00C1D764 /* Build configuration list for PBXNativeTarget "LandmarksSwiftUI" */ = {
			isa = XCConfigurationList;
			buildConfigurations = (
				D5753240266B1F4A00C1D764 /* Debug */,
				D5753241266B1F4A00C1D764 /* Release */,
			);
			defaultConfigurationIsVisible = 0;
			defaultConfigurationName = Release;
		};
/* End XCConfigurationList section */
	};
	rootObject = D5753228266B1F4900C1D764 /* Project object */;
}
